Microsoft Visual Studio Solution File, Format Version 12.00
# Visual Studio Version 17
VisualStudioVersion = 17.5.2.0
MinimumVisualStudioVersion = 10.0.40219.1
Project("{FAE04EC0-301F-11D3-BF4B-00C04F79EFBC}") = "LoanManagementApp01", "LoanManagementApp01\LoanManagementApp01.csproj", "{9E3434F6-874A-B8D1-F4BF-26E54322D073}"
EndProject
Global
	GlobalSection(SolutionConfigurationPlatforms) = preSolution
		Debug|Any CPU = Debug|Any CPU
		Release|Any CPU = Release|Any CPU
	EndGlobalSection
	GlobalSection(ProjectConfigurationPlatforms) = postSolution
		{9E3434F6-874A-B8D1-F4BF-26E54322D073}.Debug|Any CPU.ActiveCfg = Debug|Any CPU
		{9E3434F6-874A-B8D1-F4BF-26E54322D073}.Debug|Any CPU.Build.0 = Debug|Any CPU
		{9E3434F6-874A-B8D1-F4BF-26E54322D073}.Release|Any CPU.ActiveCfg = Release|Any CPU
		{9E3434F6-874A-B8D1-F4BF-26E54322D073}.Release|Any CPU.Build.0 = Release|Any CPU
	EndGlobalSection
	GlobalSection(SolutionProperties) = preSolution
		HideSolutionNode = FALSE
	EndGlobalSection
	GlobalSection(ExtensibilityGlobals) = postSolution
		SolutionGuid = {FDB5D8E2-901F-4991-B12E-9EEF02B2E61F}
	EndGlobalSection
EndGlobal
